// !$*UTF8*$!
{
	archiveVersion = 1;
	classes = {
	};
	objectVersion = 77;
	objects = {

/* Begin PBXBuildFile section */
		797F964D2E9EA10500E3DD48 /* README.md in Resources */ = {isa = PBXBuildFile; fileRef = 797F964C2E9EA0FE00E3DD48 /* README.md */; };
		797F965F2EA2061500E3DD48 /* README.md in Resources */ = {isa = PBXBuildFile; fileRef = 797F965E2EA2061500E3DD48 /* README.md */; };
/* End PBXBuildFile section */

/* Begin PBXContainerItemProxy section */
		794CB0DA2E43C50200B259D7 /* PBXContainerItemProxy */ = {
			isa = PBXContainerItemProxy;
			containerPortal = 794CB0C42E43C4FE00B259D7 /* Project object */;
			proxyType = 1;
			remoteGlobalIDString = 794CB0CB2E43C4FE00B259D7;
			remoteInfo = "New Project";
		};
		794CB0E42E43C50200B259D7 /* PBXContainerItemProxy */ = {
			isa = PBXContainerItemProxy;
			containerPortal = 794CB0C42E43C4FE00B259D7 /* Project object */;
			proxyType = 1;
			remoteGlobalIDString = 794CB0CB2E43C4FE00B259D7;
			remoteInfo = "New Project";
		};
/* End PBXContainerItemProxy section */

/* Begin PBXFileReference section */
		794CB0CC2E43C4FE00B259D7 /* New Project.app */ = {isa = PBXFileReference; explicitFileType = wrapper.application; includeInIndex = 0; path = "New Project.app"; sourceTree = BUILT_PRODUCTS_DIR; };
		794CB0D92E43C50200B259D7 /* New ProjectTests.xctest */ = {isa = PBXFileReference; explicitFileType = wrapper.cfbundle; includeInIndex = 0; path = "New ProjectTests.xctest"; sourceTree = BUILT_PRODUCTS_DIR; };
		794CB0E32E43C50200B259D7 /* New ProjectUITests.xctest */ = {isa = PBXFileReference; explicitFileType = wrapper.cfbundle; includeInIndex = 0; path = "New ProjectUITests.xctest"; sourceTree = BUILT_PRODUCTS_DIR; };
		797F964C2E9EA0FE00E3DD48 /* README.md */ = {isa = PBXFileReference; lastKnownFileType = net.daringfireball.markdown; path = README.md; sourceTree = "<group>"; };
		797F965E2EA2061500E3DD48 /* README.md */ = {isa = PBXFileReference; fileEncoding = 4; lastKnownFileType = net.daringfireball.markdown; path = README.md; sourceTree = "<group>"; };
/* End PBXFileReference section */

/* Begin PBXFileSystemSynchronizedRootGroup section */
		794CB0CE2E43C4FE00B259D7 /* New Project */ = {
			isa = PBXFileSystemSynchronizedRootGroup;
			path = "New Project";
			sourceTree = "<group>";
		};
		794CB0DC2E43C50200B259D7 /* New ProjectTests */ = {
			isa = PBXFileSystemSynchronizedRootGroup;
			path = "New ProjectTests";
			sourceTree = "<group>";
		};
		794CB0E62E43C50200B259D7 /* New ProjectUITests */ = {
			isa = PBXFileSystemSynchronizedRootGroup;
			path = "New ProjectUITests";
			sourceTree = "<group>";
		};
/* End PBXFileSystemSynchronizedRootGroup section */

/* Begin PBXFrameworksBuildPhase section */
		794CB0C92E43C4FE00B259D7 /* Frameworks */ = {
			isa = PBXFrameworksBuildPhase;
			buildActionMask = 2147483647;
			files = (
			);
			runOnlyForDeploymentPostprocessing = 0;
		};
		794CB0D62E43C50200B259D7 /* Frameworks */ = {
			isa = PBXFrameworksBuildPhase;
			buildActionMask = 2147483647;
			files = (
			);
			runOnlyForDeploymentPostprocessing = 0;
		};
		794CB0E02E43C50200B259D7 /* Frameworks */ = {
			isa = PBXFrameworksBuildPhase;
			buildActionMask = 2147483647;
			files = (
			);
			runOnlyForDeploymentPostprocessing = 0;
		};
/* End PBXFrameworksBuildPhase section */

/* Begin PBXGroup section */
		794CB0C32E43C4FE00B259D7 = {
			isa = PBXGroup;
			children = (
				797F964C2E9EA0FE00E3DD48 /* README.md */,
				797F965E2EA2061500E3DD48 /* README.md */,
				794CB0CE2E43C4FE00B259D7 /* New Project */,
				794CB0DC2E43C50200B259D7 /* New ProjectTests */,
				794CB0E62E43C50200B259D7 /* New ProjectUITests */,
				794CB0CD2E43C4FE00B259D7 /* Products */,
			);
			sourceTree = "<group>";
		};
		794CB0CD2E43C4FE00B259D7 /* Products */ = {
			isa = PBXGroup;
			children = (
				794CB0CC2E43C4FE00B259D7 /* New Project.app */,
				794CB0D92E43C50200B259D7 /* New ProjectTests.xctest */,
				794CB0E32E43C50200B259D7 /* New ProjectUITests.xctest */,
			);
			name = Products;
			sourceTree = "<group>";
		};
/* End PBXGroup section */

/* Begin PBXNativeTarget section */
		794CB0CB2E43C4FE00B259D7 /* New Project */ = {
			isa = PBXNativeTarget;
			buildConfigurationList = 794CB0ED2E43C50200B259D7 /* Build configuration list for PBXNativeTarget "New Project" */;
			buildPhases = (
				794CB0C82E43C4FE00B259D7 /* Sources */,
				794CB0C92E43C4FE00B259D7 /* Frameworks */,
				794CB0CA2E43C4FE00B259D7 /* Resources */,
			);
			buildRules = (
			);
			dependencies = (
			);
			fileSystemSynchronizedGroups = (
				794CB0CE2E43C4FE00B259D7 /* New Project */,
			);
			name = "New Project";
			packageProductDependencies = (
			);
			productName = "New Project";
			productReference = 794CB0CC2E43C4FE00B259D7 /* New Project.app */;
			productType = "com.apple.product-type.application";
		};
		794CB0D82E43C50200B259D7 /* New ProjectTests */ = {
			isa = PBXNativeTarget;
			buildConfigurationList = 794CB0F02E43C50200B259D7 /* Build configuration list for PBXNativeTarget "New ProjectTests" */;
			buildPhases = (
				794CB0D52E43C50200B259D7 /* Sources */,
				794CB0D62E43C50200B259D7 /* Frameworks */,
				794CB0D72E43C50200B259D7 /* Resources */,
			);
			buildRules = (
			);
			dependencies = (
				794CB0DB2E43C50200B259D7 /* PBXTargetDependency */,
			);
			fileSystemSynchronizedGroups = (
				794CB0DC2E43C50200B259D7 /* New ProjectTests */,
			);
			name = "New ProjectTests";
			packageProductDependencies = (
			);
			productName = "New ProjectTests";
			productReference = 794CB0D92E43C50200B259D7 /* New ProjectTests.xctest */;
			productType = "com.apple.product-type.bundle.unit-test";
		};
		794CB0E22E43C50200B259D7 /* New ProjectUITests */ = {
			isa = PBXNativeTarget;
			buildConfigurationList = 794CB0F32E43C50200B259D7 /* Build configuration list for PBXNativeTarget "New ProjectUITests" */;
			buildPhases = (
				794CB0DF2E43C50200B259D7 /* Sources */,
				794CB0E02E43C50200B259D7 /* Frameworks */,
				794CB0E12E43C50200B259D7 /* Resources */,
			);
			buildRules = (
			);
			dependencies = (
				794CB0E52E43C50200B259D7 /* PBXTargetDependency */,
			);
			fileSystemSynchronizedGroups = (
				794CB0E62E43C50200B259D7 /* New ProjectUITests */,
			);
			name = "New ProjectUITests";
			packageProductDependencies = (
			);
			productName = "New ProjectUITests";
			productReference = 794CB0E32E43C50200B259D7 /* New ProjectUITests.xctest */;
			productType = "com.apple.product-type.bundle.ui-testing";
		};
/* End PBXNativeTarget section */

/* Begin PBXProject section */
		794CB0C42E43C4FE00B259D7 /* Project object */ = {
			isa = PBXProject;
			attributes = {
				BuildIndependentTargetsInParallel = 1;
				LastSwiftUpdateCheck = 1640;
				LastUpgradeCheck = 1640;
				TargetAttributes = {
					794CB0CB2E43C4FE00B259D7 = {
						CreatedOnToolsVersion = 16.4;
					};
					794CB0D82E43C50200B259D7 = {
						CreatedOnToolsVersion = 16.4;
						TestTargetID = 794CB0CB2E43C4FE00B259D7;
					};
					794CB0E22E43C50200B259D7 = {
						CreatedOnToolsVersion = 16.4;
						TestTargetID = 794CB0CB2E43C4FE00B259D7;
					};
				};
			};
			buildConfigurationList = 794CB0C72E43C4FE00B259D7 /* Build configuration list for PBXProject "New Project" */;
			developmentRegion = en;
			hasScannedForEncodings = 0;
			knownRegions = (
				en,
				Base,
			);
			mainGroup = 794CB0C32E43C4FE00B259D7;
			minimizedProjectReferenceProxies = 1;
			preferredProjectObjectVersion = 77;
			productRefGroup = 794CB0CD2E43C4FE00B259D7 /* Products */;
			projectDirPath = "";
			projectRoot = "";
			targets = (
				794CB0CB2E43C4FE00B259D7 /* New Project */,
				794CB0D82E43C50200B259D7 /* New ProjectTests */,
				794CB0E22E43C50200B259D7 /* New ProjectUITests */,
			);
		};
/* End PBXProject section */

/* Begin PBXResourcesBuildPhase section */
		794CB0CA2E43C4FE00B259D7 /* Resources */ = {
			isa = PBXResourcesBuildPhase;
			buildActionMask = 2147483647;
			files = (
				797F964D2E9EA10500E3DD48 /* README.md in Resources */,
				797F965F2EA2061500E3DD48 /* README.md in Resources */,
			);
			runOnlyForDeploymentPostprocessing = 0;
		};
		794CB0D72E43C50200B259D7 /* Resources */ = {
			isa = PBXResourcesBuildPhase;
			buildActionMask = 2147483647;
			files = (
			);
			runOnlyForDeploymentPostprocessing = 0;
		};
		794CB0E12E43C50200B259D7 /* Resources */ = {
			isa = PBXResourcesBuildPhase;
			buildActionMask = 2147483647;
			files = (
			);
			runOnlyForDeploymentPostprocessing = 0;
		};
/* End PBXResourcesBuildPhase section */

/* Begin PBXSourcesBuildPhase section */
		794CB0C82E43C4FE00B259D7 /* Sources */ = {
			isa = PBXSourcesBuildPhase;
			buildActionMask = 2147483647;
			files = (
			);
			runOnlyForDeploymentPostprocessing = 0;
		};
		794CB0D52E43C50200B259D7 /* Sources */ = {
			isa = PBXSourcesBuildPhase;
			buildActionMask = 2147483647;
			files = (
			);
			runOnlyForDeploymentPostprocessing = 0;
		};
		794CB0DF2E43C50200B259D7 /* Sources */ = {
			isa = PBXSourcesBuildPhase;
			buildActionMask = 2147483647;
			files = (
			);
			runOnlyForDeploymentPostprocessing = 0;
		};
/* End PBXSourcesBuildPhase section */

/* Begin PBXTargetDependency section */
		794CB0DB2E43C50200B259D7 /* PBXTargetDependency */ = {
			isa = PBXTargetDependency;
			target = 794CB0CB2E43C4FE00B259D7 /* New Project */;
			targetProxy = 794CB0DA2E43C50200B259D7 /* PBXContainerItemProxy */;
		};
		794CB0E52E43C50200B259D7 /* PBXTargetDependency */ = {
			isa = PBXTargetDependency;
			target = 794CB0CB2E43C4FE00B259D7 /* New Project */;
			targetProxy = 794CB0E42E43C50200B259D7 /* PBXContainerItemProxy */;
		};
/* End PBXTargetDependency section */

/* Begin XCBuildConfiguration section */
		794CB0EB2E43C50200B259D7 /* Debug */ = {
			isa = XCBuildConfiguration;
			buildSettings = {
				ALWAYS_SEARCH_USER_PATHS = NO;
				ASSETCATALOG_COMPILER_GENERATE_SWIFT_ASSET_SYMBOL_EXTENSIONS = YES;
				CLANG_ANALYZER_NONNULL = YES;
				CLANG_ANALYZER_NUMBER_OBJECT_CONVERSION = YES_AGGRESSIVE;
				CLANG_CXX_LANGUAGE_STANDARD = "gnu++20";
				CLANG_ENABLE_MODULES = YES;
				CLANG_ENABLE_OBJC_ARC = YES;
				CLANG_ENABLE_OBJC_WEAK = YES;
				CLANG_WARN_BLOCK_CAPTURE_AUTORELEASING = YES;
				CLANG_WARN_BOOL_CONVERSION = YES;
				CLANG_WARN_COMMA = YES;
				CLANG_WARN_CONSTANT_CONVERSION = YES;
				CLANG_WARN_DEPRECATED_OBJC_IMPLEMENTATIONS = YES;
				CLANG_WARN_DIRECT_OBJC_ISA_USAGE = YES_ERROR;
				CLANG_WARN_DOCUMENTATION_COMMENTS = YES;
				CLANG_WARN_EMPTY_BODY = YES;
				CLANG_WARN_ENUM_CONVERSION = YES;
				CLANG_WARN_INFINITE_RECURSION = YES;
				CLANG_WARN_INT_CONVERSION = YES;
				CLANG_WARN_NON_LITERAL_NULL_CONVERSION = YES;
				CLANG_WARN_OBJC_IMPLICIT_RETAIN_SELF = YES;
				CLANG_WARN_OBJC_LITERAL_CONVERSION = YES;
				CLANG_WARN_OBJC_ROOT_CLASS = YES_ERROR;
				CLANG_WARN_QUOTED_INCLUDE_IN_FRAMEWORK_HEADER = YES;
				CLANG_WARN_RANGE_LOOP_ANALYSIS = YES;
				CLANG_WARN_STRICT_PROTOTYPES = YES;
				CLANG_WARN_SUSPICIOUS_MOVE = YES;
				CLANG_WARN_UNGUARDED_AVAILABILITY = YES_AGGRESSIVE;
				CLANG_WARN_UNREACHABLE_CODE = YES;
				CLANG_WARN__DUPLICATE_METHOD_MATCH = YES;
				COPY_PHASE_STRIP = NO;
				DEBUG_INFORMATION_FORMAT = dwarf;
				ENABLE_STRICT_OBJC_MSGSEND = YES;
				ENABLE_TESTABILITY = YES;
				ENABLE_USER_SCRIPT_SANDBOXING = YES;
				GCC_C_LANGUAGE_STANDARD = gnu17;
				GCC_DYNAMIC_NO_PIC = NO;
				GCC_NO_COMMON_BLOCKS = YES;
				GCC_OPTIMIZATION_LEVEL = 0;
				GCC_PREPROCESSOR_DEFINITIONS = (
					"DEBUG=1",
					"$(inherited)",
				);
				GCC_WARN_64_TO_32_BIT_CONVERSION = YES;
				GCC_WARN_ABOUT_RETURN_TYPE = YES_ERROR;
				GCC_WARN_UNDECLARED_SELECTOR = YES;
				GCC_WARN_UNINITIALIZED_AUTOS = YES_AGGRESSIVE;
				GCC_WARN_UNUSED_FUNCTION = YES;
				GCC_WARN_UNUSED_VARIABLE = YES;
				IPHONEOS_DEPLOYMENT_TARGET = 18.5;
				LOCALIZATION_PREFERS_STRING_CATALOGS = YES;
				MTL_ENABLE_DEBUG_INFO = INCLUDE_SOURCE;
				MTL_FAST_MATH = YES;
				ONLY_ACTIVE_ARCH = YES;
				SDKROOT = iphoneos;
				SWIFT_ACTIVE_COMPILATION_CONDITIONS = "DEBUG $(inherited)";
				SWIFT_OPTIMIZATION_LEVEL = "-Onone";
			};
			name = Debug;
		};
		794CB0EC2E43C50200B259D7 /* Release */ = {
			isa = XCBuildConfiguration;
			buildSettings = {
				ALWAYS_SEARCH_USER_PATHS = NO;
				ASSETCATALOG_COMPILER_GENERATE_SWIFT_ASSET_SYMBOL_EXTENSIONS = YES;
				CLANG_ANALYZER_NONNULL = YES;
				CLANG_ANALYZER_NUMBER_OBJECT_CONVERSION = YES_AGGRESSIVE;
				CLANG_CXX_LANGUAGE_STANDARD = "gnu++20";
				CLANG_ENABLE_MODULES = YES;
				CLANG_ENABLE_OBJC_ARC = YES;
				CLANG_ENABLE_OBJC_WEAK = YES;
				CLANG_WARN_BLOCK_CAPTURE_AUTORELEASING = YES;
				CLANG_WARN_BOOL_CONVERSION = YES;
				CLANG_WARN_COMMA = YES;
				CLANG_WARN_CONSTANT_CONVERSION = YES;
				CLANG_WARN_DEPRECATED_OBJC_IMPLEMENTATIONS = YES;
				CLANG_WARN_DIRECT_OBJC_ISA_USAGE = YES_ERROR;
				CLANG_WARN_DOCUMENTATION_COMMENTS = YES;
				CLANG_WARN_EMPTY_BODY = YES;
				CLANG_WARN_ENUM_CONVERSION = YES;
				CLANG_WARN_INFINITE_RECURSION = YES;
				CLANG_WARN_INT_CONVERSION = YES;
				CLANG_WARN_NON_LITERAL_NULL_CONVERSION = YES;
				CLANG_WARN_OBJC_IMPLICIT_RETAIN_SELF = YES;
				CLANG_WARN_OBJC_LITERAL_CONVERSION = YES;
				CLANG_WARN_OBJC_ROOT_CLASS = YES_ERROR;
				CLANG_WARN_QUOTED_INCLUDE_IN_FRAMEWORK_HEADER = YES;
				CLANG_WARN_RANGE_LOOP_ANALYSIS = YES;
				CLANG_WARN_STRICT_PROTOTYPES = YES;
				CLANG_WARN_SUSPICIOUS_MOVE = YES;
				CLANG_WARN_UNGUARDED_AVAILABILITY = YES_AGGRESSIVE;
				CLANG_WARN_UNREACHABLE_CODE = YES;
				CLANG_WARN__DUPLICATE_METHOD_MATCH = YES;
				COPY_PHASE_STRIP = NO;
				DEBUG_INFORMATION_FORMAT = "dwarf-with-dsym";
				ENABLE_NS_ASSERTIONS = NO;
				ENABLE_STRICT_OBJC_MSGSEND = YES;
				ENABLE_USER_SCRIPT_SANDBOXING = YES;
				GCC_C_LANGUAGE_STANDARD = gnu17;
				GCC_NO_COMMON_BLOCKS = YES;
				GCC_WARN_64_TO_32_BIT_CONVERSION = YES;
				GCC_WARN_ABOUT_RETURN_TYPE = YES_ERROR;
				GCC_WARN_UNDECLARED_SELECTOR = YES;
				GCC_WARN_UNINITIALIZED_AUTOS = YES_AGGRESSIVE;
				GCC_WARN_UNUSED_FUNCTION = YES;
				GCC_WARN_UNUSED_VARIABLE = YES;
				IPHONEOS_DEPLOYMENT_TARGET = 18.5;
				LOCALIZATION_PREFERS_STRING_CATALOGS = YES;
				MTL_ENABLE_DEBUG_INFO = NO;
				MTL_FAST_MATH = YES;
				SDKROOT = iphoneos;
				SWIFT_COMPILATION_MODE = wholemodule;
				VALIDATE_PRODUCT = YES;
			};
			name = Release;
		};
		794CB0EE2E43C50200B259D7 /* Debug */ = {
			isa = XCBuildConfiguration;
			buildSettings = {
				ASSETCATALOG_COMPILER_APPICON_NAME = AppIcon;
				ASSETCATALOG_COMPILER_GLOBAL_ACCENT_COLOR_NAME = AccentColor;
				CODE_SIGN_STYLE = Automatic;
				CURRENT_PROJECT_VERSION = 1;
				DEVELOPMENT_TEAM = JS5XTCGB6K;
				ENABLE_PREVIEWS = YES;
				GENERATE_INFOPLIST_FILE = YES;
				INFOPLIST_KEY_CFBundleDisplayName = Calicraft;
				INFOPLIST_KEY_LSApplicationCategoryType = "public.app-category.sports";
				INFOPLIST_KEY_UIApplicationSceneManifest_Generation = YES;
				INFOPLIST_KEY_UIApplicationSupportsIndirectInputEvents = YES;
				INFOPLIST_KEY_UILaunchScreen_Generation = YES;
				INFOPLIST_KEY_UISupportedInterfaceOrientations_iPad = "UIInterfaceOrientationPortrait UIInterfaceOrientationPortraitUpsideDown UIInterfaceOrientationLandscapeLeft UIInterfaceOrientationLandscapeRight";
				INFOPLIST_KEY_UISupportedInterfaceOrientations_iPhone = "UIInterfaceOrientationPortrait UIInterfaceOrientationLandscapeLeft UIInterfaceOrientationLandscapeRight";
				LD_RUNPATH_SEARCH_PATHS = (
					"$(inherited)",
					"@executable_path/Frameworks",
				);
				LIBRARY_SEARCH_PATHS = (
					"$(inherited)",
					"$(PROJECT_DIR)/New\\ Project/other/swift_ai/lib/python3.11/site-packages/PIL/.dylibs",
					"$(PROJECT_DIR)/New\\ Project/other/swift_ai/lib/python3.11/site-packages/PIL/.dylibs",
					"$(PROJECT_DIR)/New\\ Project/other/swift_ai/lib/python3.11/site-packages/PIL/.dylibs",
					"$(PROJECT_DIR)/New\\ Project/other/swift_ai/lib/python3.11/site-packages/PIL/.dylibs",
					"$(PROJECT_DIR)/New\\ Project/other/swift_ai/lib/python3.11/site-packages/PIL/.dylibs",
					"$(PROJECT_DIR)/New\\ Project/other/swift_ai/lib/python3.11/site-packages/PIL/.dylibs",
					"$(PROJECT_DIR)/New\\ Project/other/swift_ai/lib/python3.11/site-packages/PIL/.dylibs",
					"$(PROJECT_DIR)/New\\ Project/other/swift_ai/lib/python3.11/site-packages/PIL/.dylibs",
					"$(PROJECT_DIR)/New\\ Project/other/swift_ai/lib/python3.11/site-packages/PIL/.dylibs",
					"$(PROJECT_DIR)/New\\ Project/other/swift_ai/lib/python3.11/site-packages/PIL/.dylibs",
					"$(PROJECT_DIR)/New\\ Project/other/swift_ai/lib/python3.11/site-packages/PIL/.dylibs",
					"$(PROJECT_DIR)/New\\ Project/other/swift_ai/lib/python3.11/site-packages/PIL/.dylibs",
					"$(PROJECT_DIR)/New\\ Project/other/swift_ai/lib/python3.11/site-packages/rpds",
					"$(PROJECT_DIR)/New\\ Project/other/swift_ai/lib/python3.11/site-packages/PIL/.dylibs",
					"$(PROJECT_DIR)/New\\ Project/other/swift_ai/lib/python3.11/site-packages/PIL/.dylibs",
					"$(PROJECT_DIR)/New\\ Project/other/swift_ai/lib/python3.11/site-packages/safetensors",
					"$(PROJECT_DIR)/New\\ Project/other/swift_ai/lib/python3.11/site-packages/PIL/.dylibs",
					"$(PROJECT_DIR)/New\\ Project/other/swift_ai/lib/python3.11/site-packages/PIL/.dylibs",
					"$(PROJECT_DIR)/New\\ Project/other/swift_ai/lib/python3.11/site-packages/PIL/.dylibs",
					"$(PROJECT_DIR)/New\\ Project/other/swift_ai/lib/python3.11/site-packages/PIL/.dylibs",
					"$(PROJECT_DIR)/New\\ Project/other/swift_ai/lib/python3.11/site-packages/numpy/random/lib",
					"$(PROJECT_DIR)/New\\ Project/other/swift_ai/lib/python3.11/site-packages/outlines_core",
					"$(PROJECT_DIR)/New\\ Project/other/swift_ai/lib/python3.11/site-packages/numpy/_core/lib",
					"$(PROJECT_DIR)/New\\ Project/other/swift_ai/lib/python3.11/site-packages/pydantic_core",
					"$(PROJECT_DIR)/New\\ Project/other/swift_ai/lib/python3.11/site-packages/functorch/.dylibs",
					"$(PROJECT_DIR)/New\\ Project/other/swift_ai/lib/python3.11/site-packages/torch/lib",
					"$(PROJECT_DIR)/New\\ Project/other/swift_ai/lib/python3.11/site-packages/torch/lib",
					"$(PROJECT_DIR)/New\\ Project/other/swift_ai/lib/python3.11/site-packages/torch/lib",
					"$(PROJECT_DIR)/New\\ Project/other/swift_ai/lib/python3.11/site-packages/torch/lib",
					"$(PROJECT_DIR)/New\\ Project/other/swift_ai/lib/python3.11/site-packages/torch/lib",
					"$(PROJECT_DIR)/New\\ Project/other/swift_ai/lib/python3.11/site-packages/torch/lib",
					"$(PROJECT_DIR)/New\\ Project/other/swift_ai/lib/python3.11/site-packages/torch/lib",
					"$(PROJECT_DIR)/New\\ Project/other/swift_ai/lib/python3.11/site-packages/hf_xet",
					"$(PROJECT_DIR)/New\\ Project/other/swift_ai/lib/python3.11/site-packages/torch/lib",
					"$(PROJECT_DIR)/New\\ Project/other/swift_ai/lib/python3.11/site-packages/torch/lib",
					"$(PROJECT_DIR)/New\\ Project/other/swift_ai/lib/python3.11/site-packages/tokenizers",
					"$(PROJECT_DIR)/New\\ Project/other/swift_ai/lib/python3.11/site-packages/numpy/random/lib",
					"$(PROJECT_DIR)/New\\ Project/other/swift_ai/lib/python3.11/site-packages/functorch/.dylibs",
					"$(PROJECT_DIR)/New\\ Project/other/swift_ai/lib/python3.11/site-packages/safetensors",
					"$(PROJECT_DIR)/New\\ Project/other/swift_ai/lib/python3.11/site-packages/rpds",
					"$(PROJECT_DIR)/New\\ Project/other/swift_ai/lib/python3.11/site-packages/hf_xet",
					"$(PROJECT_DIR)/New\\ Project/other/swift_ai/lib/python3.11/site-packages/outlines_core",
					"$(PROJECT_DIR)/New\\ Project/other/swift_ai/lib/python3.11/site-packages/PIL/.dylibs",
					"$(PROJECT_DIR)/New\\ Project/other/swift_ai/lib/python3.11/site-packages/PIL/.dylibs",
					"$(PROJECT_DIR)/New\\ Project/other/swift_ai/lib/python3.11/site-packages/PIL/.dylibs",
					"$(PROJECT_DIR)/New\\ Project/other/swift_ai/lib/python3.11/site-packages/PIL/.dylibs",
					"$(PROJECT_DIR)/New\\ Project/other/swift_ai/lib/python3.11/site-packages/PIL/.dylibs",
					"$(PROJECT_DIR)/New\\ Project/other/swift_ai/lib/python3.11/site-packages/PIL/.dylibs",
					"$(PROJECT_DIR)/New\\ Project/other/swift_ai/lib/python3.11/site-packages/PIL/.dylibs",
					"$(PROJECT_DIR)/New\\ Project/other/swift_ai/lib/python3.11/site-packages/PIL/.dylibs",
					"$(PROJECT_DIR)/New\\ Project/other/swift_ai/lib/python3.11/site-packages/PIL/.dylibs",
					"$(PROJECT_DIR)/New\\ Project/other/swift_ai/lib/python3.11/site-packages/PIL/.dylibs",
					"$(PROJECT_DIR)/New\\ Project/other/swift_ai/lib/python3.11/site-packages/numpy/_core/lib",
					"$(PROJECT_DIR)/New\\ Project/other/swift_ai/lib/python3.11/site-packages/PIL/.dylibs",
					"$(PROJECT_DIR)/New\\ Project/other/swift_ai/lib/python3.11/site-packages/PIL/.dylibs",
					"$(PROJECT_DIR)/New\\ Project/other/swift_ai/lib/python3.11/site-packages/PIL/.dylibs",
					"$(PROJECT_DIR)/New\\ Project/other/swift_ai/lib/python3.11/site-packages/PIL/.dylibs",
					"$(PROJECT_DIR)/New\\ Project/other/swift_ai/lib/python3.11/site-packages/PIL/.dylibs",
					"$(PROJECT_DIR)/New\\ Project/other/swift_ai/lib/python3.11/site-packages/PIL/.dylibs",
					"$(PROJECT_DIR)/New\\ Project/other/swift_ai/lib/python3.11/site-packages/PIL/.dylibs",
					"$(PROJECT_DIR)/New\\ Project/other/swift_ai/lib/python3.11/site-packages/PIL/.dylibs",
					"$(PROJECT_DIR)/New\\ Project/other/swift_ai/lib/python3.11/site-packages/torch/lib",
					"$(PROJECT_DIR)/New\\ Project/other/swift_ai/lib/python3.11/site-packages/torch/lib",
					"$(PROJECT_DIR)/New\\ Project/other/swift_ai/lib/python3.11/site-packages/torch/lib",
					"$(PROJECT_DIR)/New\\ Project/other/swift_ai/lib/python3.11/site-packages/torch/lib",
					"$(PROJECT_DIR)/New\\ Project/other/swift_ai/lib/python3.11/site-packages/torch/lib",
					"$(PROJECT_DIR)/New\\ Project/other/swift_ai/lib/python3.11/site-packages/pydantic_core",
				);
				MARKETING_VERSION = 1.0;
				PRODUCT_BUNDLE_IDENTIFIER = com.celeste.CalisthenicsApp;
				PRODUCT_NAME = "$(TARGET_NAME)";
				SWIFT_EMIT_LOC_STRINGS = YES;
				SWIFT_VERSION = 5.0;
				TARGETED_DEVICE_FAMILY = "1,2";
			};
			name = Debug;
		};
		794CB0EF2E43C50200B259D7 /* Release */ = {
			isa = XCBuildConfiguration;
			buildSettings = {
				ASSETCATALOG_COMPILER_APPICON_NAME = AppIcon;
				ASSETCATALOG_COMPILER_GLOBAL_ACCENT_COLOR_NAME = AccentColor;
				CODE_SIGN_STYLE = Automatic;
				CURRENT_PROJECT_VERSION = 1;
				DEVELOPMENT_TEAM = JS5XTCGB6K;
				ENABLE_PREVIEWS = YES;
				GENERATE_INFOPLIST_FILE = YES;
				INFOPLIST_KEY_CFBundleDisplayName = Calicraft;
				INFOPLIST_KEY_LSApplicationCategoryType = "public.app-category.sports";
				INFOPLIST_KEY_UIApplicationSceneManifest_Generation = YES;
				INFOPLIST_KEY_UIApplicationSupportsIndirectInputEvents = YES;
				INFOPLIST_KEY_UILaunchScreen_Generation = YES;
				INFOPLIST_KEY_UISupportedInterfaceOrientations_iPad = "UIInterfaceOrientationPortrait UIInterfaceOrientationPortraitUpsideDown UIInterfaceOrientationLandscapeLeft UIInterfaceOrientationLandscapeRight";
				INFOPLIST_KEY_UISupportedInterfaceOrientations_iPhone = "UIInterfaceOrientationPortrait UIInterfaceOrientationLandscapeLeft UIInterfaceOrientationLandscapeRight";
				LD_RUNPATH_SEARCH_PATHS = (
					"$(inherited)",
					"@executable_path/Frameworks",
				);
				LIBRARY_SEARCH_PATHS = (
					"$(inherited)",
					"$(PROJECT_DIR)/New\\ Project/other/swift_ai/lib/python3.11/site-packages/PIL/.dylibs",
					"$(PROJECT_DIR)/New\\ Project/other/swift_ai/lib/python3.11/site-packages/PIL/.dylibs",
					"$(PROJECT_DIR)/New\\ Project/other/swift_ai/lib/python3.11/site-packages/PIL/.dylibs",
					"$(PROJECT_DIR)/New\\ Project/other/swift_ai/lib/python3.11/site-packages/PIL/.dylibs",
					"$(PROJECT_DIR)/New\\ Project/other/swift_ai/lib/python3.11/site-packages/PIL/.dylibs",
					"$(PROJECT_DIR)/New\\ Project/other/swift_ai/lib/python3.11/site-packages/PIL/.dylibs",
					"$(PROJECT_DIR)/New\\ Project/other/swift_ai/lib/python3.11/site-packages/PIL/.dylibs",
					"$(PROJECT_DIR)/New\\ Project/other/swift_ai/lib/python3.11/site-packages/PIL/.dylibs",
					"$(PROJECT_DIR)/New\\ Project/other/swift_ai/lib/python3.11/site-packages/PIL/.dylibs",
					"$(PROJECT_DIR)/New\\ Project/other/swift_ai/lib/python3.11/site-packages/PIL/.dylibs",
					"$(PROJECT_DIR)/New\\ Project/other/swift_ai/lib/python3.11/site-packages/PIL/.dylibs",
					"$(PROJECT_DIR)/New\\ Project/other/swift_ai/lib/python3.11/site-packages/PIL/.dylibs",
					"$(PROJECT_DIR)/New\\ Project/other/swift_ai/lib/python3.11/site-packages/rpds",
					"$(PROJECT_DIR)/New\\ Project/other/swift_ai/lib/python3.11/site-packages/PIL/.dylibs",
					"$(PROJECT_DIR)/New\\ Project/other/swift_ai/lib/python3.11/site-packages/PIL/.dylibs",
					"$(PROJECT_DIR)/New\\ Project/other/swift_ai/lib/python3.11/site-packages/safetensors",
					"$(PROJECT_DIR)/New\\ Project/other/swift_ai/lib/python3.11/site-packages/PIL/.dylibs",
					"$(PROJECT_DIR)/New\\ Project/other/swift_ai/lib/python3.11/site-packages/PIL/.dylibs",
					"$(PROJECT_DIR)/New\\ Project/other/swift_ai/lib/python3.11/site-packages/PIL/.dylibs",
					"$(PROJECT_DIR)/New\\ Project/other/swift_ai/lib/python3.11/site-packages/PIL/.dylibs",
					"$(PROJECT_DIR)/New\\ Project/other/swift_ai/lib/python3.11/site-packages/numpy/random/lib",
					"$(PROJECT_DIR)/New\\ Project/other/swift_ai/lib/python3.11/site-packages/outlines_core",
					"$(PROJECT_DIR)/New\\ Project/other/swift_ai/lib/python3.11/site-packages/numpy/_core/lib",
					"$(PROJECT_DIR)/New\\ Project/other/swift_ai/lib/python3.11/site-packages/pydantic_core",
					"$(PROJECT_DIR)/New\\ Project/other/swift_ai/lib/python3.11/site-packages/functorch/.dylibs",
					"$(PROJECT_DIR)/New\\ Project/other/swift_ai/lib/python3.11/site-packages/torch/lib",
					"$(PROJECT_DIR)/New\\ Project/other/swift_ai/lib/python3.11/site-packages/torch/lib",
					"$(PROJECT_DIR)/New\\ Project/other/swift_ai/lib/python3.11/site-packages/torch/lib",
					"$(PROJECT_DIR)/New\\ Project/other/swift_ai/lib/python3.11/site-packages/torch/lib",
					"$(PROJECT_DIR)/New\\ Project/other/swift_ai/lib/python3.11/site-packages/torch/lib",
					"$(PROJECT_DIR)/New\\ Project/other/swift_ai/lib/python3.11/site-packages/torch/lib",
					"$(PROJECT_DIR)/New\\ Project/other/swift_ai/lib/python3.11/site-packages/torch/lib",
					"$(PROJECT_DIR)/New\\ Project/other/swift_ai/lib/python3.11/site-packages/hf_xet",
					"$(PROJECT_DIR)/New\\ Project/other/swift_ai/lib/python3.11/site-packages/torch/lib",
					"$(PROJECT_DIR)/New\\ Project/other/swift_ai/lib/python3.11/site-packages/torch/lib",
					"$(PROJECT_DIR)/New\\ Project/other/swift_ai/lib/python3.11/site-packages/tokenizers",
					"$(PROJECT_DIR)/New\\ Project/other/swift_ai/lib/python3.11/site-packages/numpy/random/lib",
					"$(PROJECT_DIR)/New\\ Project/other/swift_ai/lib/python3.11/site-packages/functorch/.dylibs",
					"$(PROJECT_DIR)/New\\ Project/other/swift_ai/lib/python3.11/site-packages/safetensors",
					"$(PROJECT_DIR)/New\\ Project/other/swift_ai/lib/python3.11/site-packages/rpds",
					"$(PROJECT_DIR)/New\\ Project/other/swift_ai/lib/python3.11/site-packages/hf_xet",
					"$(PROJECT_DIR)/New\\ Project/other/swift_ai/lib/python3.11/site-packages/outlines_core",
					"$(PROJECT_DIR)/New\\ Project/other/swift_ai/lib/python3.11/site-packages/PIL/.dylibs",
					"$(PROJECT_DIR)/New\\ Project/other/swift_ai/lib/python3.11/site-packages/PIL/.dylibs",
					"$(PROJECT_DIR)/New\\ Project/other/swift_ai/lib/python3.11/site-packages/PIL/.dylibs",
					"$(PROJECT_DIR)/New\\ Project/other/swift_ai/lib/python3.11/site-packages/PIL/.dylibs",
					"$(PROJECT_DIR)/New\\ Project/other/swift_ai/lib/python3.11/site-packages/PIL/.dylibs",
					"$(PROJECT_DIR)/New\\ Project/other/swift_ai/lib/python3.11/site-packages/PIL/.dylibs",
					"$(PROJECT_DIR)/New\\ Project/other/swift_ai/lib/python3.11/site-packages/PIL/.dylibs",
					"$(PROJECT_DIR)/New\\ Project/other/swift_ai/lib/python3.11/site-packages/PIL/.dylibs",
					"$(PROJECT_DIR)/New\\ Project/other/swift_ai/lib/python3.11/site-packages/PIL/.dylibs",
					"$(PROJECT_DIR)/New\\ Project/other/swift_ai/lib/python3.11/site-packages/PIL/.dylibs",
					"$(PROJECT_DIR)/New\\ Project/other/swift_ai/lib/python3.11/site-packages/numpy/_core/lib",
					"$(PROJECT_DIR)/New\\ Project/other/swift_ai/lib/python3.11/site-packages/PIL/.dylibs",
					"$(PROJECT_DIR)/New\\ Project/other/swift_ai/lib/python3.11/site-packages/PIL/.dylibs",
					"$(PROJECT_DIR)/New\\ Project/other/swift_ai/lib/python3.11/site-packages/PIL/.dylibs",
					"$(PROJECT_DIR)/New\\ Project/other/swift_ai/lib/python3.11/site-packages/PIL/.dylibs",
					"$(PROJECT_DIR)/New\\ Project/other/swift_ai/lib/python3.11/site-packages/PIL/.dylibs",
					"$(PROJECT_DIR)/New\\ Project/other/swift_ai/lib/python3.11/site-packages/PIL/.dylibs",
					"$(PROJECT_DIR)/New\\ Project/other/swift_ai/lib/python3.11/site-packages/PIL/.dylibs",
					"$(PROJECT_DIR)/New\\ Project/other/swift_ai/lib/python3.11/site-packages/PIL/.dylibs",
					"$(PROJECT_DIR)/New\\ Project/other/swift_ai/lib/python3.11/site-packages/torch/lib",
					"$(PROJECT_DIR)/New\\ Project/other/swift_ai/lib/python3.11/site-packages/torch/lib",
					"$(PROJECT_DIR)/New\\ Project/other/swift_ai/lib/python3.11/site-packages/torch/lib",
					"$(PROJECT_DIR)/New\\ Project/other/swift_ai/lib/python3.11/site-packages/torch/lib",
					"$(PROJECT_DIR)/New\\ Project/other/swift_ai/lib/python3.11/site-packages/torch/lib",
					"$(PROJECT_DIR)/New\\ Project/other/swift_ai/lib/python3.11/site-packages/pydantic_core",
				);
				MARKETING_VERSION = 1.0;
				PRODUCT_BUNDLE_IDENTIFIER = com.celeste.CalisthenicsApp;
				PRODUCT_NAME = "$(TARGET_NAME)";
				SWIFT_EMIT_LOC_STRINGS = YES;
				SWIFT_VERSION = 5.0;
				TARGETED_DEVICE_FAMILY = "1,2";
			};
			name = Release;
		};
		794CB0F12E43C50200B259D7 /* Debug */ = {
			isa = XCBuildConfiguration;
			buildSettings = {
				BUNDLE_LOADER = "$(TEST_HOST)";
				CODE_SIGN_STYLE = Automatic;
				CURRENT_PROJECT_VERSION = 1;
				GENERATE_INFOPLIST_FILE = YES;
				IPHONEOS_DEPLOYMENT_TARGET = 18.5;
				MARKETING_VERSION = 1.0;
				PRODUCT_BUNDLE_IDENTIFIER = "com.celeste.New-ProjectTests";
				PRODUCT_NAME = "$(TARGET_NAME)";
				SWIFT_EMIT_LOC_STRINGS = NO;
				SWIFT_VERSION = 5.0;
				TARGETED_DEVICE_FAMILY = "1,2";
				TEST_HOST = "$(BUILT_PRODUCTS_DIR)/New Project.app/$(BUNDLE_EXECUTABLE_FOLDER_PATH)/New Project";
			};
			name = Debug;
		};
		794CB0F22E43C50200B259D7 /* Release */ = {
			isa = XCBuildConfiguration;
			buildSettings = {
				BUNDLE_LOADER = "$(TEST_HOST)";
				CODE_SIGN_STYLE = Automatic;
				CURRENT_PROJECT_VERSION = 1;
				GENERATE_INFOPLIST_FILE = YES;
				IPHONEOS_DEPLOYMENT_TARGET = 18.5;
				MARKETING_VERSION = 1.0;
				PRODUCT_BUNDLE_IDENTIFIER = "com.celeste.New-ProjectTests";
				PRODUCT_NAME = "$(TARGET_NAME)";
				SWIFT_EMIT_LOC_STRINGS = NO;
				SWIFT_VERSION = 5.0;
				TARGETED_DEVICE_FAMILY = "1,2";
				TEST_HOST = "$(BUILT_PRODUCTS_DIR)/New Project.app/$(BUNDLE_EXECUTABLE_FOLDER_PATH)/New Project";
			};
			name = Release;
		};
		794CB0F42E43C50200B259D7 /* Debug */ = {
			isa = XCBuildConfiguration;
			buildSettings = {
				CODE_SIGN_STYLE = Automatic;
				CURRENT_PROJECT_VERSION = 1;
				GENERATE_INFOPLIST_FILE = YES;
				MARKETING_VERSION = 1.0;
				PRODUCT_BUNDLE_IDENTIFIER = "com.celeste.New-ProjectUITests";
				PRODUCT_NAME = "$(TARGET_NAME)";
				SWIFT_EMIT_LOC_STRINGS = NO;
				SWIFT_VERSION = 5.0;
				TARGETED_DEVICE_FAMILY = "1,2";
				TEST_TARGET_NAME = "New Project";
			};
			name = Debug;
		};
		794CB0F52E43C50200B259D7 /* Release */ = {
			isa = XCBuildConfiguration;
			buildSettings = {
				CODE_SIGN_STYLE = Automatic;
				CURRENT_PROJECT_VERSION = 1;
				GENERATE_INFOPLIST_FILE = YES;
				MARKETING_VERSION = 1.0;
				PRODUCT_BUNDLE_IDENTIFIER = "com.celeste.New-ProjectUITests";
				PRODUCT_NAME = "$(TARGET_NAME)";
				SWIFT_EMIT_LOC_STRINGS = NO;
				SWIFT_VERSION = 5.0;
				TARGETED_DEVICE_FAMILY = "1,2";
				TEST_TARGET_NAME = "New Project";
			};
			name = Release;
		};
/* End XCBuildConfiguration section */

/* Begin XCConfigurationList section */
		794CB0C72E43C4FE00B259D7 /* Build configuration list for PBXProject "New Project" */ = {
			isa = XCConfigurationList;
			buildConfigurations = (
				794CB0EB2E43C50200B259D7 /* Debug */,
				794CB0EC2E43C50200B259D7 /* Release */,
			);
			defaultConfigurationIsVisible = 0;
			defaultConfigurationName = Release;
		};
		794CB0ED2E43C50200B259D7 /* Build configuration list for PBXNativeTarget "New Project" */ = {
			isa = XCConfigurationList;
			buildConfigurations = (
				794CB0EE2E43C50200B259D7 /* Debug */,
				794CB0EF2E43C50200B259D7 /* Release */,
			);
			defaultConfigurationIsVisible = 0;
			defaultConfigurationName = Release;
		};
		794CB0F02E43C50200B259D7 /* Build configuration list for PBXNativeTarget "New ProjectTests" */ = {
			isa = XCConfigurationList;
			buildConfigurations = (
				794CB0F12E43C50200B259D7 /* Debug */,
				794CB0F22E43C50200B259D7 /* Release */,
			);
			defaultConfigurationIsVisible = 0;
			defaultConfigurationName = Release;
		};
		794CB0F32E43C50200B259D7 /* Build configuration list for PBXNativeTarget "New ProjectUITests" */ = {
			isa = XCConfigurationList;
			buildConfigurations = (
				794CB0F42E43C50200B259D7 /* Debug */,
				794CB0F52E43C50200B259D7 /* Release */,
			);
			defaultConfigurationIsVisible = 0;
			defaultConfigurationName = Release;
		};
/* End XCConfigurationList section */
	};
	rootObject = 794CB0C42E43C4FE00B259D7 /* Project object */;
}
